# This file is autogenerated, do not edit; changes may be undone by the next 'dep ensure'.


[[projects]]
  name = "github.com/gorilla/websocket"
  packages = ["."]
  revision = "ea4d1f681babbce9545c9c5f3d5194a789c89f5b"
  version = "v1.2.0"

[[projects]]
  name = "github.com/vektah/gqlgen"
  packages = [
    "graphql",
    "handler",
    "neelance/common",
    "neelance/errors",
    "neelance/introspection",
    "neelance/query",
    "neelance/schema",
    "neelance/validation"
  ]
  revision = "cb87a2cb66f5a64749f6464900b1c12bca47ed67"
  version = "0.2.1"

[solve-meta]
  analyzer-name = "dep"
  analyzer-version = 1
  inputs-digest = "b94fb128bdc49310e2031ed8e5908defa52c4dd83379f7bf44856756967a51df"
  solver-name = "gps-cdcl"
  solver-version = 1
